
Microsoft Visual Studio Solution File, Format Version 12.00
# Visual Studio Version 16
VisualStudioVersion = 16.0.29911.84
MinimumVisualStudioVersion = 10.0.40219.1
Project("{FAE04EC0-301F-11D3-BF4B-00C04F79EFBC}") = "string", "string\string.csproj", "{383FBE72-4452-4387-8926-B79ECF62E280}"
EndProject
Global
	GlobalSection(SolutionConfigurationPlatforms) = preSolution
		Debug|Any CPU = Debug|Any CPU
		Release|Any CPU = Release|Any CPU
	EndGlobalSection
	GlobalSection(ProjectConfigurationPlatforms) = postSolution
		{383FBE72-4452-4387-8926-B79ECF62E280}.Debug|Any CPU.ActiveCfg = Debug|Any CPU
		{383FBE72-4452-4387-8926-B79ECF62E280}.Debug|Any CPU.Build.0 = Debug|Any CPU
		{383FBE72-4452-4387-8926-B79ECF62E280}.Release|Any CPU.ActiveCfg = Release|Any CPU
		{383FBE72-4452-4387-8926-B79ECF62E280}.Release|Any CPU.Build.0 = Release|Any CPU
	EndGlobalSection
	GlobalSection(SolutionProperties) = preSolution
		HideSolutionNode = FALSE
	EndGlobalSection
	GlobalSection(ExtensibilityGlobals) = postSolution
		SolutionGuid = {46A523C3-2543-441A-84B8-9D6E52A7A797}
	EndGlobalSection
EndGlobal
