
Microsoft Visual Studio Solution File, Format Version 12.00
# Visual Studio Version 16
VisualStudioVersion = 16.0.29911.84
MinimumVisualStudioVersion = 10.0.40219.1
Project("{FAE04EC0-301F-11D3-BF4B-00C04F79EFBC}") = "TypeCasting", "TypeCasting\TypeCasting.csproj", "{B4F8D8A6-DCA1-4966-BEAA-EDA6D271340F}"
EndProject
Global
	GlobalSection(SolutionConfigurationPlatforms) = preSolution
		Debug|Any CPU = Debug|Any CPU
		Release|Any CPU = Release|Any CPU
	EndGlobalSection
	GlobalSection(ProjectConfigurationPlatforms) = postSolution
		{B4F8D8A6-DCA1-4966-BEAA-EDA6D271340F}.Debug|Any CPU.ActiveCfg = Debug|Any CPU
		{B4F8D8A6-DCA1-4966-BEAA-EDA6D271340F}.Debug|Any CPU.Build.0 = Debug|Any CPU
		{B4F8D8A6-DCA1-4966-BEAA-EDA6D271340F}.Release|Any CPU.ActiveCfg = Release|Any CPU
		{B4F8D8A6-DCA1-4966-BEAA-EDA6D271340F}.Release|Any CPU.Build.0 = Release|Any CPU
	EndGlobalSection
	GlobalSection(SolutionProperties) = preSolution
		HideSolutionNode = FALSE
	EndGlobalSection
	GlobalSection(ExtensibilityGlobals) = postSolution
		SolutionGuid = {CF7748F1-9CEE-4D62-973B-60CB1B03841B}
	EndGlobalSection
EndGlobal
