
Microsoft Visual Studio Solution File, Format Version 12.00
# Visual Studio Version 16
VisualStudioVersion = 16.0.29911.84
MinimumVisualStudioVersion = 10.0.40219.1
Project("{FAE04EC0-301F-11D3-BF4B-00C04F79EFBC}") = "series_1,-2,6,-15,31,-56", "series_1,-2,6,-15,31,-56\series_1,-2,6,-15,31,-56.csproj", "{A499F57F-DDA2-4EEA-9448-48BE3A7D9BD7}"
EndProject
Global
	GlobalSection(SolutionConfigurationPlatforms) = preSolution
		Debug|Any CPU = Debug|Any CPU
		Release|Any CPU = Release|Any CPU
	EndGlobalSection
	GlobalSection(ProjectConfigurationPlatforms) = postSolution
		{A499F57F-DDA2-4EEA-9448-48BE3A7D9BD7}.Debug|Any CPU.ActiveCfg = Debug|Any CPU
		{A499F57F-DDA2-4EEA-9448-48BE3A7D9BD7}.Debug|Any CPU.Build.0 = Debug|Any CPU
		{A499F57F-DDA2-4EEA-9448-48BE3A7D9BD7}.Release|Any CPU.ActiveCfg = Release|Any CPU
		{A499F57F-DDA2-4EEA-9448-48BE3A7D9BD7}.Release|Any CPU.Build.0 = Release|Any CPU
	EndGlobalSection
	GlobalSection(SolutionProperties) = preSolution
		HideSolutionNode = FALSE
	EndGlobalSection
	GlobalSection(ExtensibilityGlobals) = postSolution
		SolutionGuid = {B43AA40B-1725-45D1-B13A-EC96AC9180AC}
	EndGlobalSection
EndGlobal
