
Microsoft Visual Studio Solution File, Format Version 12.00
# Visual Studio Version 16
VisualStudioVersion = 16.0.29911.84
MinimumVisualStudioVersion = 10.0.40219.1
Project("{FAE04EC0-301F-11D3-BF4B-00C04F79EFBC}") = "Multiple Classes", "Multiple Classes\Multiple Classes.csproj", "{DA6C6EC5-3702-4F5D-B3FF-E4FBDBE3F2A4}"
EndProject
Global
	GlobalSection(SolutionConfigurationPlatforms) = preSolution
		Debug|Any CPU = Debug|Any CPU
		Release|Any CPU = Release|Any CPU
	EndGlobalSection
	GlobalSection(ProjectConfigurationPlatforms) = postSolution
		{DA6C6EC5-3702-4F5D-B3FF-E4FBDBE3F2A4}.Debug|Any CPU.ActiveCfg = Debug|Any CPU
		{DA6C6EC5-3702-4F5D-B3FF-E4FBDBE3F2A4}.Debug|Any CPU.Build.0 = Debug|Any CPU
		{DA6C6EC5-3702-4F5D-B3FF-E4FBDBE3F2A4}.Release|Any CPU.ActiveCfg = Release|Any CPU
		{DA6C6EC5-3702-4F5D-B3FF-E4FBDBE3F2A4}.Release|Any CPU.Build.0 = Release|Any CPU
	EndGlobalSection
	GlobalSection(SolutionProperties) = preSolution
		HideSolutionNode = FALSE
	EndGlobalSection
	GlobalSection(ExtensibilityGlobals) = postSolution
		SolutionGuid = {2AE9C7F1-2AEA-4E36-A014-5A42A76C571A}
	EndGlobalSection
EndGlobal
