
Microsoft Visual Studio Solution File, Format Version 12.00
# Visual Studio Version 16
VisualStudioVersion = 16.0.29911.84
MinimumVisualStudioVersion = 10.0.40219.1
Project("{FAE04EC0-301F-11D3-BF4B-00C04F79EFBC}") = "LeapYear", "LeapYear\LeapYear.csproj", "{B96B13F4-66D0-49C7-A0E4-FEFCAF879556}"
EndProject
Global
	GlobalSection(SolutionConfigurationPlatforms) = preSolution
		Debug|Any CPU = Debug|Any CPU
		Release|Any CPU = Release|Any CPU
	EndGlobalSection
	GlobalSection(ProjectConfigurationPlatforms) = postSolution
		{B96B13F4-66D0-49C7-A0E4-FEFCAF879556}.Debug|Any CPU.ActiveCfg = Debug|Any CPU
		{B96B13F4-66D0-49C7-A0E4-FEFCAF879556}.Debug|Any CPU.Build.0 = Debug|Any CPU
		{B96B13F4-66D0-49C7-A0E4-FEFCAF879556}.Release|Any CPU.ActiveCfg = Release|Any CPU
		{B96B13F4-66D0-49C7-A0E4-FEFCAF879556}.Release|Any CPU.Build.0 = Release|Any CPU
	EndGlobalSection
	GlobalSection(SolutionProperties) = preSolution
		HideSolutionNode = FALSE
	EndGlobalSection
	GlobalSection(ExtensibilityGlobals) = postSolution
		SolutionGuid = {797E707E-258E-474B-98C1-77477196E045}
	EndGlobalSection
EndGlobal
