
Microsoft Visual Studio Solution File, Format Version 12.00
# Visual Studio Version 16
VisualStudioVersion = 16.0.29911.84
MinimumVisualStudioVersion = 10.0.40219.1
Project("{FAE04EC0-301F-11D3-BF4B-00C04F79EFBC}") = "String1", "String1\String1.csproj", "{1C2AFF5B-09C8-4A3E-BF75-DF87193ABCDB}"
EndProject
Global
	GlobalSection(SolutionConfigurationPlatforms) = preSolution
		Debug|Any CPU = Debug|Any CPU
		Release|Any CPU = Release|Any CPU
	EndGlobalSection
	GlobalSection(ProjectConfigurationPlatforms) = postSolution
		{1C2AFF5B-09C8-4A3E-BF75-DF87193ABCDB}.Debug|Any CPU.ActiveCfg = Debug|Any CPU
		{1C2AFF5B-09C8-4A3E-BF75-DF87193ABCDB}.Debug|Any CPU.Build.0 = Debug|Any CPU
		{1C2AFF5B-09C8-4A3E-BF75-DF87193ABCDB}.Release|Any CPU.ActiveCfg = Release|Any CPU
		{1C2AFF5B-09C8-4A3E-BF75-DF87193ABCDB}.Release|Any CPU.Build.0 = Release|Any CPU
	EndGlobalSection
	GlobalSection(SolutionProperties) = preSolution
		HideSolutionNode = FALSE
	EndGlobalSection
	GlobalSection(ExtensibilityGlobals) = postSolution
		SolutionGuid = {8F738E3F-356E-49D7-9EED-D161A8E71A2E}
	EndGlobalSection
EndGlobal
