
Microsoft Visual Studio Solution File, Format Version 12.00
# Visual Studio Version 16
VisualStudioVersion = 16.0.29911.84
MinimumVisualStudioVersion = 10.0.40219.1
Project("{FAE04EC0-301F-11D3-BF4B-00C04F79EFBC}") = "assesment2", "assesment2\assesment2.csproj", "{6A3B011B-03C4-4078-A9F5-0B38DF4CBA40}"
EndProject
Global
	GlobalSection(SolutionConfigurationPlatforms) = preSolution
		Debug|Any CPU = Debug|Any CPU
		Release|Any CPU = Release|Any CPU
	EndGlobalSection
	GlobalSection(ProjectConfigurationPlatforms) = postSolution
		{6A3B011B-03C4-4078-A9F5-0B38DF4CBA40}.Debug|Any CPU.ActiveCfg = Debug|Any CPU
		{6A3B011B-03C4-4078-A9F5-0B38DF4CBA40}.Debug|Any CPU.Build.0 = Debug|Any CPU
		{6A3B011B-03C4-4078-A9F5-0B38DF4CBA40}.Release|Any CPU.ActiveCfg = Release|Any CPU
		{6A3B011B-03C4-4078-A9F5-0B38DF4CBA40}.Release|Any CPU.Build.0 = Release|Any CPU
	EndGlobalSection
	GlobalSection(SolutionProperties) = preSolution
		HideSolutionNode = FALSE
	EndGlobalSection
	GlobalSection(ExtensibilityGlobals) = postSolution
		SolutionGuid = {F5E96E9C-F89B-4E97-9149-3E8F08A72EE8}
	EndGlobalSection
EndGlobal
