
Microsoft Visual Studio Solution File, Format Version 12.00
# Visual Studio Version 16
VisualStudioVersion = 16.0.29911.84
MinimumVisualStudioVersion = 10.0.40219.1
Project("{FAE04EC0-301F-11D3-BF4B-00C04F79EFBC}") = "Inheritance_simple", "Inheritance_simple\Inheritance_simple.csproj", "{6A1A2B41-10CA-47BB-8E54-F60AAE65C0A0}"
EndProject
Global
	GlobalSection(SolutionConfigurationPlatforms) = preSolution
		Debug|Any CPU = Debug|Any CPU
		Release|Any CPU = Release|Any CPU
	EndGlobalSection
	GlobalSection(ProjectConfigurationPlatforms) = postSolution
		{6A1A2B41-10CA-47BB-8E54-F60AAE65C0A0}.Debug|Any CPU.ActiveCfg = Debug|Any CPU
		{6A1A2B41-10CA-47BB-8E54-F60AAE65C0A0}.Debug|Any CPU.Build.0 = Debug|Any CPU
		{6A1A2B41-10CA-47BB-8E54-F60AAE65C0A0}.Release|Any CPU.ActiveCfg = Release|Any CPU
		{6A1A2B41-10CA-47BB-8E54-F60AAE65C0A0}.Release|Any CPU.Build.0 = Release|Any CPU
	EndGlobalSection
	GlobalSection(SolutionProperties) = preSolution
		HideSolutionNode = FALSE
	EndGlobalSection
	GlobalSection(ExtensibilityGlobals) = postSolution
		SolutionGuid = {DBE3C41F-61A6-44BB-9DE2-EC47C30BBDD4}
	EndGlobalSection
EndGlobal
