
Microsoft Visual Studio Solution File, Format Version 12.00
# Visual Studio Version 16
VisualStudioVersion = 16.0.29911.84
MinimumVisualStudioVersion = 10.0.40219.1
Project("{FAE04EC0-301F-11D3-BF4B-00C04F79EFBC}") = "10userdata_classes", "10userdata_classes\10userdata_classes.csproj", "{D4E48481-08C0-4F08-A165-E6EA001B1CB9}"
EndProject
Global
	GlobalSection(SolutionConfigurationPlatforms) = preSolution
		Debug|Any CPU = Debug|Any CPU
		Release|Any CPU = Release|Any CPU
	EndGlobalSection
	GlobalSection(ProjectConfigurationPlatforms) = postSolution
		{D4E48481-08C0-4F08-A165-E6EA001B1CB9}.Debug|Any CPU.ActiveCfg = Debug|Any CPU
		{D4E48481-08C0-4F08-A165-E6EA001B1CB9}.Debug|Any CPU.Build.0 = Debug|Any CPU
		{D4E48481-08C0-4F08-A165-E6EA001B1CB9}.Release|Any CPU.ActiveCfg = Release|Any CPU
		{D4E48481-08C0-4F08-A165-E6EA001B1CB9}.Release|Any CPU.Build.0 = Release|Any CPU
	EndGlobalSection
	GlobalSection(SolutionProperties) = preSolution
		HideSolutionNode = FALSE
	EndGlobalSection
	GlobalSection(ExtensibilityGlobals) = postSolution
		SolutionGuid = {FB5C537A-C28D-4C17-9AB0-50FC7C46E884}
	EndGlobalSection
EndGlobal
