
Microsoft Visual Studio Solution File, Format Version 12.00
# Visual Studio Version 16
VisualStudioVersion = 16.0.29911.84
MinimumVisualStudioVersion = 10.0.40219.1
Project("{FAE04EC0-301F-11D3-BF4B-00C04F79EFBC}") = "inheritance", "inheritance\inheritance.csproj", "{542DFFF1-A1D2-4061-951C-725362D5CDF7}"
EndProject
Global
	GlobalSection(SolutionConfigurationPlatforms) = preSolution
		Debug|Any CPU = Debug|Any CPU
		Release|Any CPU = Release|Any CPU
	EndGlobalSection
	GlobalSection(ProjectConfigurationPlatforms) = postSolution
		{542DFFF1-A1D2-4061-951C-725362D5CDF7}.Debug|Any CPU.ActiveCfg = Debug|Any CPU
		{542DFFF1-A1D2-4061-951C-725362D5CDF7}.Debug|Any CPU.Build.0 = Debug|Any CPU
		{542DFFF1-A1D2-4061-951C-725362D5CDF7}.Release|Any CPU.ActiveCfg = Release|Any CPU
		{542DFFF1-A1D2-4061-951C-725362D5CDF7}.Release|Any CPU.Build.0 = Release|Any CPU
	EndGlobalSection
	GlobalSection(SolutionProperties) = preSolution
		HideSolutionNode = FALSE
	EndGlobalSection
	GlobalSection(ExtensibilityGlobals) = postSolution
		SolutionGuid = {AE4E2754-C2BF-401F-8828-90F2673BA861}
	EndGlobalSection
EndGlobal
