
Microsoft Visual Studio Solution File, Format Version 12.00
# Visual Studio Version 16
VisualStudioVersion = 16.0.29911.84
MinimumVisualStudioVersion = 10.0.40219.1
Project("{FAE04EC0-301F-11D3-BF4B-00C04F79EFBC}") = "inheritances_samemethods", "inheritances_samemethods\inheritances_samemethods.csproj", "{BA961BA2-4F76-4186-83BA-16B428AD679C}"
EndProject
Global
	GlobalSection(SolutionConfigurationPlatforms) = preSolution
		Debug|Any CPU = Debug|Any CPU
		Release|Any CPU = Release|Any CPU
	EndGlobalSection
	GlobalSection(ProjectConfigurationPlatforms) = postSolution
		{BA961BA2-4F76-4186-83BA-16B428AD679C}.Debug|Any CPU.ActiveCfg = Debug|Any CPU
		{BA961BA2-4F76-4186-83BA-16B428AD679C}.Debug|Any CPU.Build.0 = Debug|Any CPU
		{BA961BA2-4F76-4186-83BA-16B428AD679C}.Release|Any CPU.ActiveCfg = Release|Any CPU
		{BA961BA2-4F76-4186-83BA-16B428AD679C}.Release|Any CPU.Build.0 = Release|Any CPU
	EndGlobalSection
	GlobalSection(SolutionProperties) = preSolution
		HideSolutionNode = FALSE
	EndGlobalSection
	GlobalSection(ExtensibilityGlobals) = postSolution
		SolutionGuid = {E249EFD2-1A66-4825-9334-4C99A7404202}
	EndGlobalSection
EndGlobal
