
Microsoft Visual Studio Solution File, Format Version 12.00
# Visual Studio Version 16
VisualStudioVersion = 16.0.29911.84
MinimumVisualStudioVersion = 10.0.40219.1
Project("{FAE04EC0-301F-11D3-BF4B-00C04F79EFBC}") = "Constructor", "Constructor\Constructor.csproj", "{AF1B2E28-BC1F-4401-9CD5-F732A53A67AA}"
EndProject
Global
	GlobalSection(SolutionConfigurationPlatforms) = preSolution
		Debug|Any CPU = Debug|Any CPU
		Release|Any CPU = Release|Any CPU
	EndGlobalSection
	GlobalSection(ProjectConfigurationPlatforms) = postSolution
		{AF1B2E28-BC1F-4401-9CD5-F732A53A67AA}.Debug|Any CPU.ActiveCfg = Debug|Any CPU
		{AF1B2E28-BC1F-4401-9CD5-F732A53A67AA}.Debug|Any CPU.Build.0 = Debug|Any CPU
		{AF1B2E28-BC1F-4401-9CD5-F732A53A67AA}.Release|Any CPU.ActiveCfg = Release|Any CPU
		{AF1B2E28-BC1F-4401-9CD5-F732A53A67AA}.Release|Any CPU.Build.0 = Release|Any CPU
	EndGlobalSection
	GlobalSection(SolutionProperties) = preSolution
		HideSolutionNode = FALSE
	EndGlobalSection
	GlobalSection(ExtensibilityGlobals) = postSolution
		SolutionGuid = {A94F46F0-11DD-4214-B4A2-AED37F290699}
	EndGlobalSection
EndGlobal
