
Microsoft Visual Studio Solution File, Format Version 12.00
# Visual Studio Version 16
VisualStudioVersion = 16.0.29911.84
MinimumVisualStudioVersion = 10.0.40219.1
Project("{FAE04EC0-301F-11D3-BF4B-00C04F79EFBC}") = "Properties_get_set_methods", "Properties_get_set_methods\Properties_get_set_methods.csproj", "{9FC3D392-1B06-4D68-BE61-0B6B300C4076}"
EndProject
Global
	GlobalSection(SolutionConfigurationPlatforms) = preSolution
		Debug|Any CPU = Debug|Any CPU
		Release|Any CPU = Release|Any CPU
	EndGlobalSection
	GlobalSection(ProjectConfigurationPlatforms) = postSolution
		{9FC3D392-1B06-4D68-BE61-0B6B300C4076}.Debug|Any CPU.ActiveCfg = Debug|Any CPU
		{9FC3D392-1B06-4D68-BE61-0B6B300C4076}.Debug|Any CPU.Build.0 = Debug|Any CPU
		{9FC3D392-1B06-4D68-BE61-0B6B300C4076}.Release|Any CPU.ActiveCfg = Release|Any CPU
		{9FC3D392-1B06-4D68-BE61-0B6B300C4076}.Release|Any CPU.Build.0 = Release|Any CPU
	EndGlobalSection
	GlobalSection(SolutionProperties) = preSolution
		HideSolutionNode = FALSE
	EndGlobalSection
	GlobalSection(ExtensibilityGlobals) = postSolution
		SolutionGuid = {23B112DE-BDEB-446E-B33F-903E0568DA37}
	EndGlobalSection
EndGlobal
