
Microsoft Visual Studio Solution File, Format Version 12.00
# Visual Studio Version 16
VisualStudioVersion = 16.0.29911.84
MinimumVisualStudioVersion = 10.0.40219.1
Project("{FAE04EC0-301F-11D3-BF4B-00C04F79EFBC}") = "continue", "continue\continue.csproj", "{BB3B0B9C-26A3-44E8-B762-DCB7A641562B}"
EndProject
Global
	GlobalSection(SolutionConfigurationPlatforms) = preSolution
		Debug|Any CPU = Debug|Any CPU
		Release|Any CPU = Release|Any CPU
	EndGlobalSection
	GlobalSection(ProjectConfigurationPlatforms) = postSolution
		{BB3B0B9C-26A3-44E8-B762-DCB7A641562B}.Debug|Any CPU.ActiveCfg = Debug|Any CPU
		{BB3B0B9C-26A3-44E8-B762-DCB7A641562B}.Debug|Any CPU.Build.0 = Debug|Any CPU
		{BB3B0B9C-26A3-44E8-B762-DCB7A641562B}.Release|Any CPU.ActiveCfg = Release|Any CPU
		{BB3B0B9C-26A3-44E8-B762-DCB7A641562B}.Release|Any CPU.Build.0 = Release|Any CPU
	EndGlobalSection
	GlobalSection(SolutionProperties) = preSolution
		HideSolutionNode = FALSE
	EndGlobalSection
	GlobalSection(ExtensibilityGlobals) = postSolution
		SolutionGuid = {4F3AAAB9-9B4D-445B-BFB1-DEBA610A3D5D}
	EndGlobalSection
EndGlobal
