
Microsoft Visual Studio Solution File, Format Version 12.00
# Visual Studio Version 16
VisualStudioVersion = 16.0.29911.84
MinimumVisualStudioVersion = 10.0.40219.1
Project("{FAE04EC0-301F-11D3-BF4B-00C04F79EFBC}") = "Calculator", "Calculator\Calculator.csproj", "{CED9998F-274D-4770-90EF-6AD354F94636}"
EndProject
Global
	GlobalSection(SolutionConfigurationPlatforms) = preSolution
		Debug|Any CPU = Debug|Any CPU
		Release|Any CPU = Release|Any CPU
	EndGlobalSection
	GlobalSection(ProjectConfigurationPlatforms) = postSolution
		{CED9998F-274D-4770-90EF-6AD354F94636}.Debug|Any CPU.ActiveCfg = Debug|Any CPU
		{CED9998F-274D-4770-90EF-6AD354F94636}.Debug|Any CPU.Build.0 = Debug|Any CPU
		{CED9998F-274D-4770-90EF-6AD354F94636}.Release|Any CPU.ActiveCfg = Release|Any CPU
		{CED9998F-274D-4770-90EF-6AD354F94636}.Release|Any CPU.Build.0 = Release|Any CPU
	EndGlobalSection
	GlobalSection(SolutionProperties) = preSolution
		HideSolutionNode = FALSE
	EndGlobalSection
	GlobalSection(ExtensibilityGlobals) = postSolution
		SolutionGuid = {5BFDC8F4-0509-4677-8767-43AB8791098F}
	EndGlobalSection
EndGlobal
