
Microsoft Visual Studio Solution File, Format Version 12.00
# Visual Studio Version 16
VisualStudioVersion = 16.0.29911.84
MinimumVisualStudioVersion = 10.0.40219.1
Project("{FAE04EC0-301F-11D3-BF4B-00C04F79EFBC}") = "reverse_of_string", "reverse_of_string\reverse_of_string.csproj", "{215CF1DB-8394-4199-9DBD-45D933DA5EEF}"
EndProject
Global
	GlobalSection(SolutionConfigurationPlatforms) = preSolution
		Debug|Any CPU = Debug|Any CPU
		Release|Any CPU = Release|Any CPU
	EndGlobalSection
	GlobalSection(ProjectConfigurationPlatforms) = postSolution
		{215CF1DB-8394-4199-9DBD-45D933DA5EEF}.Debug|Any CPU.ActiveCfg = Debug|Any CPU
		{215CF1DB-8394-4199-9DBD-45D933DA5EEF}.Debug|Any CPU.Build.0 = Debug|Any CPU
		{215CF1DB-8394-4199-9DBD-45D933DA5EEF}.Release|Any CPU.ActiveCfg = Release|Any CPU
		{215CF1DB-8394-4199-9DBD-45D933DA5EEF}.Release|Any CPU.Build.0 = Release|Any CPU
	EndGlobalSection
	GlobalSection(SolutionProperties) = preSolution
		HideSolutionNode = FALSE
	EndGlobalSection
	GlobalSection(ExtensibilityGlobals) = postSolution
		SolutionGuid = {E0F16D44-1765-45F9-8AF3-4B4ED18892E7}
	EndGlobalSection
EndGlobal
