
Microsoft Visual Studio Solution File, Format Version 12.00
# Visual Studio Version 16
VisualStudioVersion = 16.0.29911.84
MinimumVisualStudioVersion = 10.0.40219.1
Project("{FAE04EC0-301F-11D3-BF4B-00C04F79EFBC}") = "files1", "files1\files1.csproj", "{ECD746E0-4628-4D0A-A342-60D8C711B5EC}"
EndProject
Global
	GlobalSection(SolutionConfigurationPlatforms) = preSolution
		Debug|Any CPU = Debug|Any CPU
		Release|Any CPU = Release|Any CPU
	EndGlobalSection
	GlobalSection(ProjectConfigurationPlatforms) = postSolution
		{ECD746E0-4628-4D0A-A342-60D8C711B5EC}.Debug|Any CPU.ActiveCfg = Debug|Any CPU
		{ECD746E0-4628-4D0A-A342-60D8C711B5EC}.Debug|Any CPU.Build.0 = Debug|Any CPU
		{ECD746E0-4628-4D0A-A342-60D8C711B5EC}.Release|Any CPU.ActiveCfg = Release|Any CPU
		{ECD746E0-4628-4D0A-A342-60D8C711B5EC}.Release|Any CPU.Build.0 = Release|Any CPU
	EndGlobalSection
	GlobalSection(SolutionProperties) = preSolution
		HideSolutionNode = FALSE
	EndGlobalSection
	GlobalSection(ExtensibilityGlobals) = postSolution
		SolutionGuid = {F7E4BF1C-86AC-482C-8C35-318A9CC76491}
	EndGlobalSection
EndGlobal
