
Microsoft Visual Studio Solution File, Format Version 12.00
# Visual Studio Version 16
VisualStudioVersion = 16.0.29911.84
MinimumVisualStudioVersion = 10.0.40219.1
Project("{FAE04EC0-301F-11D3-BF4B-00C04F79EFBC}") = "String.Substring", "String.Substring\String.Substring.csproj", "{E1276345-D413-44E7-A26C-183775703D81}"
EndProject
Global
	GlobalSection(SolutionConfigurationPlatforms) = preSolution
		Debug|Any CPU = Debug|Any CPU
		Release|Any CPU = Release|Any CPU
	EndGlobalSection
	GlobalSection(ProjectConfigurationPlatforms) = postSolution
		{E1276345-D413-44E7-A26C-183775703D81}.Debug|Any CPU.ActiveCfg = Debug|Any CPU
		{E1276345-D413-44E7-A26C-183775703D81}.Debug|Any CPU.Build.0 = Debug|Any CPU
		{E1276345-D413-44E7-A26C-183775703D81}.Release|Any CPU.ActiveCfg = Release|Any CPU
		{E1276345-D413-44E7-A26C-183775703D81}.Release|Any CPU.Build.0 = Release|Any CPU
	EndGlobalSection
	GlobalSection(SolutionProperties) = preSolution
		HideSolutionNode = FALSE
	EndGlobalSection
	GlobalSection(ExtensibilityGlobals) = postSolution
		SolutionGuid = {BE4BF0BC-F1F7-4378-AFB1-8019B7C62117}
	EndGlobalSection
EndGlobal
