
Microsoft Visual Studio Solution File, Format Version 12.00
# Visual Studio Version 16
VisualStudioVersion = 16.0.29911.84
MinimumVisualStudioVersion = 10.0.40219.1
Project("{FAE04EC0-301F-11D3-BF4B-00C04F79EFBC}") = "dummy", "dummy\dummy.csproj", "{82C660FB-2F7E-4A60-B480-E1FEADF98767}"
EndProject
Global
	GlobalSection(SolutionConfigurationPlatforms) = preSolution
		Debug|Any CPU = Debug|Any CPU
		Release|Any CPU = Release|Any CPU
	EndGlobalSection
	GlobalSection(ProjectConfigurationPlatforms) = postSolution
		{82C660FB-2F7E-4A60-B480-E1FEADF98767}.Debug|Any CPU.ActiveCfg = Debug|Any CPU
		{82C660FB-2F7E-4A60-B480-E1FEADF98767}.Debug|Any CPU.Build.0 = Debug|Any CPU
		{82C660FB-2F7E-4A60-B480-E1FEADF98767}.Release|Any CPU.ActiveCfg = Release|Any CPU
		{82C660FB-2F7E-4A60-B480-E1FEADF98767}.Release|Any CPU.Build.0 = Release|Any CPU
	EndGlobalSection
	GlobalSection(SolutionProperties) = preSolution
		HideSolutionNode = FALSE
	EndGlobalSection
	GlobalSection(ExtensibilityGlobals) = postSolution
		SolutionGuid = {35B4476C-ED97-4112-BC76-3377039412A5}
	EndGlobalSection
EndGlobal
