
Microsoft Visual Studio Solution File, Format Version 12.00
# Visual Studio Version 16
VisualStudioVersion = 16.0.29911.84
MinimumVisualStudioVersion = 10.0.40219.1
Project("{FAE04EC0-301F-11D3-BF4B-00C04F79EFBC}") = "Calculator_interface", "Calculator_interface\Calculator_interface.csproj", "{DCF08AE8-1A7D-4FE6-98C8-7806246294B1}"
EndProject
Global
	GlobalSection(SolutionConfigurationPlatforms) = preSolution
		Debug|Any CPU = Debug|Any CPU
		Release|Any CPU = Release|Any CPU
	EndGlobalSection
	GlobalSection(ProjectConfigurationPlatforms) = postSolution
		{DCF08AE8-1A7D-4FE6-98C8-7806246294B1}.Debug|Any CPU.ActiveCfg = Debug|Any CPU
		{DCF08AE8-1A7D-4FE6-98C8-7806246294B1}.Debug|Any CPU.Build.0 = Debug|Any CPU
		{DCF08AE8-1A7D-4FE6-98C8-7806246294B1}.Release|Any CPU.ActiveCfg = Release|Any CPU
		{DCF08AE8-1A7D-4FE6-98C8-7806246294B1}.Release|Any CPU.Build.0 = Release|Any CPU
	EndGlobalSection
	GlobalSection(SolutionProperties) = preSolution
		HideSolutionNode = FALSE
	EndGlobalSection
	GlobalSection(ExtensibilityGlobals) = postSolution
		SolutionGuid = {1B93FD72-D20D-4EBF-B276-467A8572B910}
	EndGlobalSection
EndGlobal
